{
  "version": 4,
  "terraform_version": "1.5.7",
  "serial": 3,
  "lineage": "14212b6b-72a5-0f38-71a2-b6800c71b433",
  "outputs": {},
  "resources": [
    {
      "mode": "managed",
      "type": "aws_instance",
      "name": "app",
      "provider": "provider[\"registry.terraform.io/hashicorp/aws\"]",
      "instances": [
        {
          "index_key": 0,
          "schema_version": 1,
          "attributes": {
            "ami": "ami-0a7d051a1c4b54f65",
            "arn": "arn:aws:ec2:us-west-2:100295693274:instance/i-02c6fb9dc97745ed5",
            "associate_public_ip_address": true,
            "availability_zone": "us-west-2a",
            "capacity_reservation_specification": [
              {
                "capacity_reservation_preference": "open",
                "capacity_reservation_target": []
              }
            ],
            "cpu_core_count": 1,
            "cpu_threads_per_core": 1,
            "credit_specification": [
              {
                "cpu_credits": "standard"
              }
            ],
            "disable_api_termination": false,
            "ebs_block_device": [],
            "ebs_optimized": false,
            "enclave_options": [
              {
                "enabled": false
              }
            ],
            "ephemeral_block_device": [],
            "get_password_data": false,
            "hibernation": false,
            "host_id": null,
            "iam_instance_profile": "",
            "id": "i-02c6fb9dc97745ed5",
            "instance_initiated_shutdown_behavior": "stop",
            "instance_state": "running",
            "instance_type": "t2.micro",
            "ipv6_address_count": 0,
            "ipv6_addresses": [],
            "key_name": "automated-vpc",
            "launch_template": [],
            "metadata_options": [
              {
                "http_endpoint": "enabled",
                "http_put_response_hop_limit": 1,
                "http_tokens": "optional",
                "instance_metadata_tags": "disabled"
              }
            ],
            "monitoring": false,
            "network_interface": [],
            "outpost_arn": "",
            "password_data": "",
            "placement_group": "",
            "placement_partition_number": null,
            "primary_network_interface_id": "eni-0964568de7e0e411c",
            "private_dns": "ip-172-31-24-52.us-west-2.compute.internal",
            "private_ip": "172.31.24.52",
            "public_dns": "ec2-54-200-125-126.us-west-2.compute.amazonaws.com",
            "public_ip": "54.200.125.126",
            "root_block_device": [
              {
                "delete_on_termination": true,
                "device_name": "/dev/sda1",
                "encrypted": false,
                "iops": 100,
                "kms_key_id": "",
                "tags": {},
                "throughput": 0,
                "volume_id": "vol-0667ab5435245b6ee",
                "volume_size": 8,
                "volume_type": "gp2"
              }
            ],
            "secondary_private_ips": [],
            "security_groups": [
              "default"
            ],
            "source_dest_check": true,
            "subnet_id": "subnet-0348b53c80e30fe38",
            "tags": {
              "Name": "demo-001"
            },
            "tags_all": {
              "Name": "demo-001"
            },
            "tenancy": "default",
            "timeouts": null,
            "user_data": "800f7eb0def0ac3abced5c543628032d41eb65f8",
            "user_data_base64": null,
            "volume_tags": null,
            "vpc_security_group_ids": [
              "sg-0ed40c6a094d7e7e1"
            ]
          },
          "sensitive_attributes": [],
          "private": "eyJlMmJmYjczMC1lY2FhLTExZTYtOGY4OC0zNDM2M2JjN2M0YzAiOnsiY3JlYXRlIjo2MDAwMDAwMDAwMDAsImRlbGV0ZSI6MTIwMDAwMDAwMDAwMCwidXBkYXRlIjo2MDAwMDAwMDAwMDB9LCJzY2hlbWFfdmVyc2lvbiI6IjEifQ==",
          "dependencies": [
            "aws_key_pair.deployer"
          ]
        }
      ]
    },
    {
      "mode": "managed",
      "type": "aws_key_pair",
      "name": "deployer",
      "provider": "provider[\"registry.terraform.io/hashicorp/aws\"]",
      "instances": [
        {
          "schema_version": 1,
          "attributes": {
            "arn": "arn:aws:ec2:us-west-2:100295693274:key-pair/automated-vpc",
            "fingerprint": "e5:94:28:ff:a7:8e:83:ee:50:10:ea:a4:7c:69:78:20",
            "id": "automated-vpc",
            "key_name": "automated-vpc",
            "key_name_prefix": "",
            "key_pair_id": "key-090905ef537d8e1d5",
            "public_key": "ssh-rsa AAAAB3NzaC1yc2EAAAADAQABAAACAQDazYK1ng6N3vkQtHiB2+krxYWEopVyk5NJBHTdDsfgWn0mK0CxcMe0ylUFWhltq9SZJJ0YIcdia/MACYM7ESqfeNqLTpY4nW80BlEgc3/5H/L59d5f7yFLZs3CcKyDzWgr5rsGgBEaANw0KU8sn9dAUrq/mCb/YHUoVoHhx3NUbfTy8WxEm4NpbsZ7L5+umhgLMRijLa9mkfzaNM7C0LrinnZLn4Ol9xmA+UFm65UYTE9O22TtbpicOzIOi5uMxTGi0roAbErRy5bwqtrZzZsowr/Z7mAfa2bBdpp0b3khrTilZED0mZ3nbt7MCBlTDvQ1dMpyGa75xegBUuArssr0dypNdQ7QSC1J2llgj6jLXewMmbp6vBXYBU1wvGhwjb2OMc1mXYPxCJhZ1wLbVpF5tb3PorJrCBYeNpbgOgSUce+j88gVxAm9i1/ixa8JiNdC6/Q6UqICssTrFXfjozsQSKVbrMNflBEizrHXvsxHfF62RQfUUUV8weRCncnKQBtCc2JM82cwKk7Y+BtKbdV4JoCoxc3uTi3JG7Lt6nGSqMOGFAmleyG4hJ0LRmtyqXvE6BTBwHcxuo9IiccUuV1ev1U3PP31k2csEETTyH90tZja3KMiEXp1ChSYR6RRhZAdpKzljfrAwuND0xwi42yra3VSgYSEtLkW3uTdI4I9vQ== avirajkhare00@gmail.com",
            "tags": null,
            "tags_all": {}
          },
          "sensitive_attributes": [],
          "private": "eyJzY2hlbWFfdmVyc2lvbiI6IjEifQ=="
        }
      ]
    }
  ],
  "check_results": null
}
